
Microsoft Visual Studio Solution File, Format Version 12.00
# Visual Studio Version 17
VisualStudioVersion = 17.11.35327.3
MinimumVisualStudioVersion = 10.0.40219.1
Project("{FAE04EC0-301F-11D3-BF4B-00C04F79EFBC}") = "GiftOfTheGiversApp", "GiftOfTheGiversApp\GiftOfTheGiversApp.csproj", "{B3D4F1F2-1F3F-496E-A202-8E83AE12D8D1}"
EndProject
Project("{FAE04EC0-301F-11D3-BF4B-00C04F79EFBC}") = "GiftOfTheGiversApp.UnitTests", "GiftOfTheGiversApp.UnitTests\GiftOfTheGiversApp.UnitTests.csproj", "{9188EF64-0188-49D8-BF01-3D0F256B68C1}"
EndProject
Project("{FAE04EC0-301F-11D3-BF4B-00C04F79EFBC}") = "GiftOfTheGiversApp.IntegrationTests", "GiftOfTheGiversApp.IntegrationTests\GiftOfTheGiversApp.IntegrationTests.csproj", "{76093C67-B8DC-44A2-A758-E6E77F3546E2}"
EndProject
Project("{FAE04EC0-301F-11D3-BF4B-00C04F79EFBC}") = "GiftOfTheGiversApp.StressTests", "GiftOfTheGiversApp.StressTests\GiftOfTheGiversApp.StressTests.csproj", "{F59C1814-AD16-451A-8414-75DCA017FD14}"
EndProject
Project("{FAE04EC0-301F-11D3-BF4B-00C04F79EFBC}") = "GiftOfTheGiversApp.UITests", "GiftOfTheGiversApp.UITests\GiftOfTheGiversApp.UITests.csproj", "{DE0019F8-35A0-487F-A791-2833E54902BC}"
EndProject
Global
	GlobalSection(SolutionConfigurationPlatforms) = preSolution
		Debug|Any CPU = Debug|Any CPU
		Release|Any CPU = Release|Any CPU
	EndGlobalSection
	GlobalSection(ProjectConfigurationPlatforms) = postSolution
		{B3D4F1F2-1F3F-496E-A202-8E83AE12D8D1}.Debug|Any CPU.ActiveCfg = Debug|Any CPU
		{B3D4F1F2-1F3F-496E-A202-8E83AE12D8D1}.Debug|Any CPU.Build.0 = Debug|Any CPU
		{B3D4F1F2-1F3F-496E-A202-8E83AE12D8D1}.Release|Any CPU.ActiveCfg = Release|Any CPU
		{B3D4F1F2-1F3F-496E-A202-8E83AE12D8D1}.Release|Any CPU.Build.0 = Release|Any CPU
		{9188EF64-0188-49D8-BF01-3D0F256B68C1}.Debug|Any CPU.ActiveCfg = Debug|Any CPU
		{9188EF64-0188-49D8-BF01-3D0F256B68C1}.Debug|Any CPU.Build.0 = Debug|Any CPU
		{9188EF64-0188-49D8-BF01-3D0F256B68C1}.Release|Any CPU.ActiveCfg = Release|Any CPU
		{9188EF64-0188-49D8-BF01-3D0F256B68C1}.Release|Any CPU.Build.0 = Release|Any CPU
		{76093C67-B8DC-44A2-A758-E6E77F3546E2}.Debug|Any CPU.ActiveCfg = Debug|Any CPU
		{76093C67-B8DC-44A2-A758-E6E77F3546E2}.Debug|Any CPU.Build.0 = Debug|Any CPU
		{76093C67-B8DC-44A2-A758-E6E77F3546E2}.Release|Any CPU.ActiveCfg = Release|Any CPU
		{76093C67-B8DC-44A2-A758-E6E77F3546E2}.Release|Any CPU.Build.0 = Release|Any CPU
		{F59C1814-AD16-451A-8414-75DCA017FD14}.Debug|Any CPU.ActiveCfg = Debug|Any CPU
		{F59C1814-AD16-451A-8414-75DCA017FD14}.Debug|Any CPU.Build.0 = Debug|Any CPU
		{F59C1814-AD16-451A-8414-75DCA017FD14}.Release|Any CPU.ActiveCfg = Release|Any CPU
		{F59C1814-AD16-451A-8414-75DCA017FD14}.Release|Any CPU.Build.0 = Release|Any CPU
		{DE0019F8-35A0-487F-A791-2833E54902BC}.Debug|Any CPU.ActiveCfg = Debug|Any CPU
		{DE0019F8-35A0-487F-A791-2833E54902BC}.Debug|Any CPU.Build.0 = Debug|Any CPU
		{DE0019F8-35A0-487F-A791-2833E54902BC}.Release|Any CPU.ActiveCfg = Release|Any CPU
		{DE0019F8-35A0-487F-A791-2833E54902BC}.Release|Any CPU.Build.0 = Release|Any CPU
	EndGlobalSection
	GlobalSection(SolutionProperties) = preSolution
		HideSolutionNode = FALSE
	EndGlobalSection
	GlobalSection(ExtensibilityGlobals) = postSolution
		SolutionGuid = {0610DD4C-2A83-4BF8-9D80-C181F71F38F8}
	EndGlobalSection
EndGlobal
